
Microsoft Visual Studio Solution File, Format Version 12.00
# Visual Studio 15
Project("{FAE04EC0-301F-11D3-BF4B-00C04F79EFBC}") = "Assembly-CSharp-firstpass", "Assembly-CSharp-firstpass.csproj", "{7D903297-2893-9736-9125-8780D2DCB460}"
EndProject
Project("{FAE04EC0-301F-11D3-BF4B-00C04F79EFBC}") = "Assembly-CSharp", "Assembly-CSharp.csproj", "{28CF87CA-1423-45C2-778A-3BDA096A9CD4}"
EndProject
Global
	GlobalSection(SolutionConfigurationPlatforms) = preSolution
		Debug|Any CPU = Debug|Any CPU
		Release|Any CPU = Release|Any CPU
	EndGlobalSection
	GlobalSection(ProjectConfigurationPlatforms) = postSolution
		{7D903297-2893-9736-9125-8780D2DCB460}.Debug|Any CPU.ActiveCfg = Debug|Any CPU
		{7D903297-2893-9736-9125-8780D2DCB460}.Debug|Any CPU.Build.0 = Debug|Any CPU
		{7D903297-2893-9736-9125-8780D2DCB460}.Release|Any CPU.ActiveCfg = Release|Any CPU
		{7D903297-2893-9736-9125-8780D2DCB460}.Release|Any CPU.Build.0 = Release|Any CPU
		{28CF87CA-1423-45C2-778A-3BDA096A9CD4}.Debug|Any CPU.ActiveCfg = Debug|Any CPU
		{28CF87CA-1423-45C2-778A-3BDA096A9CD4}.Debug|Any CPU.Build.0 = Debug|Any CPU
		{28CF87CA-1423-45C2-778A-3BDA096A9CD4}.Release|Any CPU.ActiveCfg = Release|Any CPU
		{28CF87CA-1423-45C2-778A-3BDA096A9CD4}.Release|Any CPU.Build.0 = Release|Any CPU
	EndGlobalSection
	GlobalSection(SolutionProperties) = preSolution
		HideSolutionNode = FALSE
	EndGlobalSection
EndGlobal
